{
  "requires": true,
  "lockfileVersion": 1,
  "dependencies": {
    "cdk8s-image": {
      "version": "0.1.101",
      "resolved": "https://registry.npmjs.org/cdk8s-image/-/cdk8s-image-0.1.101.tgz",
      "integrity": "sha512-55netNy5L232IH66RHLhhTS4AIvtSegvazNP2d7tROqWoxYLR1lcNRIfqi2e9Rsb0I7xHlgK7TtsX/MH4lT7Xg=="
    }
  }
}
